// !$*UTF8*$!
{
	archiveVersion = 1;
	classes = {
	};
	objectVersion = 55;
	objects = {

/* Begin PBXBuildFile section */
		521080A328598A9D0022BCFA /* AppDelegate.swift in Sources */ = {isa = PBXBuildFile; fileRef = 521080A228598A9D0022BCFA /* AppDelegate.swift */; };
		521080A528598A9D0022BCFA /* SceneDelegate.swift in Sources */ = {isa = PBXBuildFile; fileRef = 521080A428598A9D0022BCFA /* SceneDelegate.swift */; };
		521080A728598A9D0022BCFA /* ViewController.swift in Sources */ = {isa = PBXBuildFile; fileRef = 521080A628598A9D0022BCFA /* ViewController.swift */; };
		521080AA28598A9D0022BCFA /* Main.storyboard in Resources */ = {isa = PBXBuildFile; fileRef = 521080A828598A9D0022BCFA /* Main.storyboard */; };
		521080AC28598AA10022BCFA /* Assets.xcassets in Resources */ = {isa = PBXBuildFile; fileRef = 521080AB28598AA10022BCFA /* Assets.xcassets */; };
		521080AF28598AA10022BCFA /* LaunchScreen.storyboard in Resources */ = {isa = PBXBuildFile; fileRef = 521080AD28598AA10022BCFA /* LaunchScreen.storyboard */; };
		521080B728598B180022BCFA /* books.json in Resources */ = {isa = PBXBuildFile; fileRef = 521080B628598B180022BCFA /* books.json */; };
		521080B9285992CE0022BCFA /* Models.swift in Sources */ = {isa = PBXBuildFile; fileRef = 521080B8285992CE0022BCFA /* Models.swift */; };
		521080BB28599C000022BCFA /* TableList.swift in Sources */ = {isa = PBXBuildFile; fileRef = 521080BA28599C000022BCFA /* TableList.swift */; };
/* End PBXBuildFile section */

/* Begin PBXFileReference section */
		5210809F28598A9D0022BCFA /* FileParsingJSON.app */ = {isa = PBXFileReference; explicitFileType = wrapper.application; includeInIndex = 0; path = FileParsingJSON.app; sourceTree = BUILT_PRODUCTS_DIR; };
		521080A228598A9D0022BCFA /* AppDelegate.swift */ = {isa = PBXFileReference; lastKnownFileType = sourcecode.swift; path = AppDelegate.swift; sourceTree = "<group>"; };
		521080A428598A9D0022BCFA /* SceneDelegate.swift */ = {isa = PBXFileReference; lastKnownFileType = sourcecode.swift; path = SceneDelegate.swift; sourceTree = "<group>"; };
		521080A628598A9D0022BCFA /* ViewController.swift */ = {isa = PBXFileReference; lastKnownFileType = sourcecode.swift; path = ViewController.swift; sourceTree = "<group>"; };
		521080A928598A9D0022BCFA /* Base */ = {isa = PBXFileReference; lastKnownFileType = file.storyboard; name = Base; path = Base.lproj/Main.storyboard; sourceTree = "<group>"; };
		521080AB28598AA10022BCFA /* Assets.xcassets */ = {isa = PBXFileReference; lastKnownFileType = folder.assetcatalog; path = Assets.xcassets; sourceTree = "<group>"; };
		521080AE28598AA10022BCFA /* Base */ = {isa = PBXFileReference; lastKnownFileType = file.storyboard; name = Base; path = Base.lproj/LaunchScreen.storyboard; sourceTree = "<group>"; };
		521080B028598AA10022BCFA /* Info.plist */ = {isa = PBXFileReference; lastKnownFileType = text.plist.xml; path = Info.plist; sourceTree = "<group>"; };
		521080B628598B180022BCFA /* books.json */ = {isa = PBXFileReference; fileEncoding = 4; lastKnownFileType = text.json; name = books.json; path = ../../../Downloads/books.json; sourceTree = "<group>"; };
		521080B8285992CE0022BCFA /* Models.swift */ = {isa = PBXFileReference; lastKnownFileType = sourcecode.swift; path = Models.swift; sourceTree = "<group>"; };
		521080BA28599C000022BCFA /* TableList.swift */ = {isa = PBXFileReference; lastKnownFileType = sourcecode.swift; path = TableList.swift; sourceTree = "<group>"; };
/* End PBXFileReference section */

/* Begin PBXFrameworksBuildPhase section */
		5210809C28598A9D0022BCFA /* Frameworks */ = {
			isa = PBXFrameworksBuildPhase;
			buildActionMask = 2147483647;
			files = (
			);
			runOnlyForDeploymentPostprocessing = 0;
		};
/* End PBXFrameworksBuildPhase section */

/* Begin PBXGroup section */
		5210809628598A9D0022BCFA = {
			isa = PBXGroup;
			children = (
				521080A128598A9D0022BCFA /* FileParsingJSON */,
				521080A028598A9D0022BCFA /* Products */,
			);
			sourceTree = "<group>";
		};
		521080A028598A9D0022BCFA /* Products */ = {
			isa = PBXGroup;
			children = (
				5210809F28598A9D0022BCFA /* FileParsingJSON.app */,
			);
			name = Products;
			sourceTree = "<group>";
		};
		521080A128598A9D0022BCFA /* FileParsingJSON */ = {
			isa = PBXGroup;
			children = (
				521080B628598B180022BCFA /* books.json */,
				521080A228598A9D0022BCFA /* AppDelegate.swift */,
				521080A428598A9D0022BCFA /* SceneDelegate.swift */,
				521080A628598A9D0022BCFA /* ViewController.swift */,
				521080B8285992CE0022BCFA /* Models.swift */,
				521080A828598A9D0022BCFA /* Main.storyboard */,
				521080BA28599C000022BCFA /* TableList.swift */,
				521080AB28598AA10022BCFA /* Assets.xcassets */,
				521080AD28598AA10022BCFA /* LaunchScreen.storyboard */,
				521080B028598AA10022BCFA /* Info.plist */,
			);
			path = FileParsingJSON;
			sourceTree = "<group>";
		};
/* End PBXGroup section */

/* Begin PBXNativeTarget section */
		5210809E28598A9D0022BCFA /* FileParsingJSON */ = {
			isa = PBXNativeTarget;
			buildConfigurationList = 521080B328598AA10022BCFA /* Build configuration list for PBXNativeTarget "FileParsingJSON" */;
			buildPhases = (
				5210809B28598A9D0022BCFA /* Sources */,
				5210809C28598A9D0022BCFA /* Frameworks */,
				5210809D28598A9D0022BCFA /* Resources */,
			);
			buildRules = (
			);
			dependencies = (
			);
			name = FileParsingJSON;
			productName = FileParsingJSON;
			productReference = 5210809F28598A9D0022BCFA /* FileParsingJSON.app */;
			productType = "com.apple.product-type.application";
		};
/* End PBXNativeTarget section */

/* Begin PBXProject section */
		5210809728598A9D0022BCFA /* Project object */ = {
			isa = PBXProject;
			attributes = {
				BuildIndependentTargetsInParallel = 1;
				LastSwiftUpdateCheck = 1330;
				LastUpgradeCheck = 1330;
				TargetAttributes = {
					5210809E28598A9D0022BCFA = {
						CreatedOnToolsVersion = 13.3.1;
					};
				};
			};
			buildConfigurationList = 5210809A28598A9D0022BCFA /* Build configuration list for PBXProject "FileParsingJSON" */;
			compatibilityVersion = "Xcode 13.0";
			developmentRegion = en;
			hasScannedForEncodings = 0;
			knownRegions = (
				en,
				Base,
			);
			mainGroup = 5210809628598A9D0022BCFA;
			productRefGroup = 521080A028598A9D0022BCFA /* Products */;
			projectDirPath = "";
			projectRoot = "";
			targets = (
				5210809E28598A9D0022BCFA /* FileParsingJSON */,
			);
		};
/* End PBXProject section */

/* Begin PBXResourcesBuildPhase section */
		5210809D28598A9D0022BCFA /* Resources */ = {
			isa = PBXResourcesBuildPhase;
			buildActionMask = 2147483647;
			files = (
				521080B728598B180022BCFA /* books.json in Resources */,
				521080AF28598AA10022BCFA /* LaunchScreen.storyboard in Resources */,
				521080AC28598AA10022BCFA /* Assets.xcassets in Resources */,
				521080AA28598A9D0022BCFA /* Main.storyboard in Resources */,
			);
			runOnlyForDeploymentPostprocessing = 0;
		};
/* End PBXResourcesBuildPhase section */

/* Begin PBXSourcesBuildPhase section */
		5210809B28598A9D0022BCFA /* Sources */ = {
			isa = PBXSourcesBuildPhase;
			buildActionMask = 2147483647;
			files = (
				521080BB28599C000022BCFA /* TableList.swift in Sources */,
				521080A728598A9D0022BCFA /* ViewController.swift in Sources */,
				521080A328598A9D0022BCFA /* AppDelegate.swift in Sources */,
				521080A528598A9D0022BCFA /* SceneDelegate.swift in Sources */,
				521080B9285992CE0022BCFA /* Models.swift in Sources */,
			);
			runOnlyForDeploymentPostprocessing = 0;
		};
/* End PBXSourcesBuildPhase section */

/* Begin PBXVariantGroup section */
		521080A828598A9D0022BCFA /* Main.storyboard */ = {
			isa = PBXVariantGroup;
			children = (
				521080A928598A9D0022BCFA /* Base */,
			);
			name = Main.storyboard;
			sourceTree = "<group>";
		};
		521080AD28598AA10022BCFA /* LaunchScreen.storyboard */ = {
			isa = PBXVariantGroup;
			children = (
				521080AE28598AA10022BCFA /* Base */,
			);
			name = LaunchScreen.storyboard;
			sourceTree = "<group>";
		};
/* End PBXVariantGroup section */

/* Begin XCBuildConfiguration section */
		521080B128598AA10022BCFA /* Debug */ = {
			isa = XCBuildConfiguration;
			buildSettings = {
				ALWAYS_SEARCH_USER_PATHS = NO;
				CLANG_ANALYZER_NONNULL = YES;
				CLANG_ANALYZER_NUMBER_OBJECT_CONVERSION = YES_AGGRESSIVE;
				CLANG_CXX_LANGUAGE_STANDARD = "gnu++17";
				CLANG_ENABLE_MODULES = YES;
				CLANG_ENABLE_OBJC_ARC = YES;
				CLANG_ENABLE_OBJC_WEAK = YES;
				CLANG_WARN_BLOCK_CAPTURE_AUTORELEASING = YES;
				CLANG_WARN_BOOL_CONVERSION = YES;
				CLANG_WARN_COMMA = YES;
				CLANG_WARN_CONSTANT_CONVERSION = YES;
				CLANG_WARN_DEPRECATED_OBJC_IMPLEMENTATIONS = YES;
				CLANG_WARN_DIRECT_OBJC_ISA_USAGE = YES_ERROR;
				CLANG_WARN_DOCUMENTATION_COMMENTS = YES;
				CLANG_WARN_EMPTY_BODY = YES;
				CLANG_WARN_ENUM_CONVERSION = YES;
				CLANG_WARN_INFINITE_RECURSION = YES;
				CLANG_WARN_INT_CONVERSION = YES;
				CLANG_WARN_NON_LITERAL_NULL_CONVERSION = YES;
				CLANG_WARN_OBJC_IMPLICIT_RETAIN_SELF = YES;
				CLANG_WARN_OBJC_LITERAL_CONVERSION = YES;
				CLANG_WARN_OBJC_ROOT_CLASS = YES_ERROR;
				CLANG_WARN_QUOTED_INCLUDE_IN_FRAMEWORK_HEADER = YES;
				CLANG_WARN_RANGE_LOOP_ANALYSIS = YES;
				CLANG_WARN_STRICT_PROTOTYPES = YES;
				CLANG_WARN_SUSPICIOUS_MOVE = YES;
				CLANG_WARN_UNGUARDED_AVAILABILITY = YES_AGGRESSIVE;
				CLANG_WARN_UNREACHABLE_CODE = YES;
				CLANG_WARN__DUPLICATE_METHOD_MATCH = YES;
				COPY_PHASE_STRIP = NO;
				DEBUG_INFORMATION_FORMAT = dwarf;
				ENABLE_STRICT_OBJC_MSGSEND = YES;
				ENABLE_TESTABILITY = YES;
				GCC_C_LANGUAGE_STANDARD = gnu11;
				GCC_DYNAMIC_NO_PIC = NO;
				GCC_NO_COMMON_BLOCKS = YES;
				GCC_OPTIMIZATION_LEVEL = 0;
				GCC_PREPROCESSOR_DEFINITIONS = (
					"DEBUG=1",
					"$(inherited)",
				);
				GCC_WARN_64_TO_32_BIT_CONVERSION = YES;
				GCC_WARN_ABOUT_RETURN_TYPE = YES_ERROR;
				GCC_WARN_UNDECLARED_SELECTOR = YES;
				GCC_WARN_UNINITIALIZED_AUTOS = YES_AGGRESSIVE;
				GCC_WARN_UNUSED_FUNCTION = YES;
				GCC_WARN_UNUSED_VARIABLE = YES;
				IPHONEOS_DEPLOYMENT_TARGET = 15.4;
				MTL_ENABLE_DEBUG_INFO = INCLUDE_SOURCE;
				MTL_FAST_MATH = YES;
				ONLY_ACTIVE_ARCH = YES;
				SDKROOT = iphoneos;
				SWIFT_ACTIVE_COMPILATION_CONDITIONS = DEBUG;
				SWIFT_OPTIMIZATION_LEVEL = "-Onone";
			};
			name = Debug;
		};
		521080B228598AA10022BCFA /* Release */ = {
			isa = XCBuildConfiguration;
			buildSettings = {
				ALWAYS_SEARCH_USER_PATHS = NO;
				CLANG_ANALYZER_NONNULL = YES;
				CLANG_ANALYZER_NUMBER_OBJECT_CONVERSION = YES_AGGRESSIVE;
				CLANG_CXX_LANGUAGE_STANDARD = "gnu++17";
				CLANG_ENABLE_MODULES = YES;
				CLANG_ENABLE_OBJC_ARC = YES;
				CLANG_ENABLE_OBJC_WEAK = YES;
				CLANG_WARN_BLOCK_CAPTURE_AUTORELEASING = YES;
				CLANG_WARN_BOOL_CONVERSION = YES;
				CLANG_WARN_COMMA = YES;
				CLANG_WARN_CONSTANT_CONVERSION = YES;
				CLANG_WARN_DEPRECATED_OBJC_IMPLEMENTATIONS = YES;
				CLANG_WARN_DIRECT_OBJC_ISA_USAGE = YES_ERROR;
				CLANG_WARN_DOCUMENTATION_COMMENTS = YES;
				CLANG_WARN_EMPTY_BODY = YES;
				CLANG_WARN_ENUM_CONVERSION = YES;
				CLANG_WARN_INFINITE_RECURSION = YES;
				CLANG_WARN_INT_CONVERSION = YES;
				CLANG_WARN_NON_LITERAL_NULL_CONVERSION = YES;
				CLANG_WARN_OBJC_IMPLICIT_RETAIN_SELF = YES;
				CLANG_WARN_OBJC_LITERAL_CONVERSION = YES;
				CLANG_WARN_OBJC_ROOT_CLASS = YES_ERROR;
				CLANG_WARN_QUOTED_INCLUDE_IN_FRAMEWORK_HEADER = YES;
				CLANG_WARN_RANGE_LOOP_ANALYSIS = YES;
				CLANG_WARN_STRICT_PROTOTYPES = YES;
				CLANG_WARN_SUSPICIOUS_MOVE = YES;
				CLANG_WARN_UNGUARDED_AVAILABILITY = YES_AGGRESSIVE;
				CLANG_WARN_UNREACHABLE_CODE = YES;
				CLANG_WARN__DUPLICATE_METHOD_MATCH = YES;
				COPY_PHASE_STRIP = NO;
				DEBUG_INFORMATION_FORMAT = "dwarf-with-dsym";
				ENABLE_NS_ASSERTIONS = NO;
				ENABLE_STRICT_OBJC_MSGSEND = YES;
				GCC_C_LANGUAGE_STANDARD = gnu11;
				GCC_NO_COMMON_BLOCKS = YES;
				GCC_WARN_64_TO_32_BIT_CONVERSION = YES;
				GCC_WARN_ABOUT_RETURN_TYPE = YES_ERROR;
				GCC_WARN_UNDECLARED_SELECTOR = YES;
				GCC_WARN_UNINITIALIZED_AUTOS = YES_AGGRESSIVE;
				GCC_WARN_UNUSED_FUNCTION = YES;
				GCC_WARN_UNUSED_VARIABLE = YES;
				IPHONEOS_DEPLOYMENT_TARGET = 15.4;
				MTL_ENABLE_DEBUG_INFO = NO;
				MTL_FAST_MATH = YES;
				SDKROOT = iphoneos;
				SWIFT_COMPILATION_MODE = wholemodule;
				SWIFT_OPTIMIZATION_LEVEL = "-O";
				VALIDATE_PRODUCT = YES;
			};
			name = Release;
		};
		521080B428598AA10022BCFA /* Debug */ = {
			isa = XCBuildConfiguration;
			buildSettings = {
				ASSETCATALOG_COMPILER_APPICON_NAME = AppIcon;
				ASSETCATALOG_COMPILER_GLOBAL_ACCENT_COLOR_NAME = AccentColor;
				CODE_SIGN_STYLE = Automatic;
				CURRENT_PROJECT_VERSION = 1;
				GENERATE_INFOPLIST_FILE = YES;
				INFOPLIST_FILE = FileParsingJSON/Info.plist;
				INFOPLIST_KEY_UIApplicationSupportsIndirectInputEvents = YES;
				INFOPLIST_KEY_UILaunchStoryboardName = LaunchScreen;
				INFOPLIST_KEY_UIMainStoryboardFile = Main;
				INFOPLIST_KEY_UISupportedInterfaceOrientations_iPad = "UIInterfaceOrientationPortrait UIInterfaceOrientationPortraitUpsideDown UIInterfaceOrientationLandscapeLeft UIInterfaceOrientationLandscapeRight";
				INFOPLIST_KEY_UISupportedInterfaceOrientations_iPhone = "UIInterfaceOrientationPortrait UIInterfaceOrientationLandscapeLeft UIInterfaceOrientationLandscapeRight";
				LD_RUNPATH_SEARCH_PATHS = (
					"$(inherited)",
					"@executable_path/Frameworks",
				);
				MARKETING_VERSION = 1.0;
				PRODUCT_BUNDLE_IDENTIFIER = com.ocbcnisp.FileParsingJSON;
				PRODUCT_NAME = "$(TARGET_NAME)";
				SWIFT_EMIT_LOC_STRINGS = YES;
				SWIFT_VERSION = 5.0;
				TARGETED_DEVICE_FAMILY = "1,2";
			};
			name = Debug;
		};
		521080B528598AA10022BCFA /* Release */ = {
			isa = XCBuildConfiguration;
			buildSettings = {
				ASSETCATALOG_COMPILER_APPICON_NAME = AppIcon;
				ASSETCATALOG_COMPILER_GLOBAL_ACCENT_COLOR_NAME = AccentColor;
				CODE_SIGN_STYLE = Automatic;
				CURRENT_PROJECT_VERSION = 1;
				GENERATE_INFOPLIST_FILE = YES;
				INFOPLIST_FILE = FileParsingJSON/Info.plist;
				INFOPLIST_KEY_UIApplicationSupportsIndirectInputEvents = YES;
				INFOPLIST_KEY_UILaunchStoryboardName = LaunchScreen;
				INFOPLIST_KEY_UIMainStoryboardFile = Main;
				INFOPLIST_KEY_UISupportedInterfaceOrientations_iPad = "UIInterfaceOrientationPortrait UIInterfaceOrientationPortraitUpsideDown UIInterfaceOrientationLandscapeLeft UIInterfaceOrientationLandscapeRight";
				INFOPLIST_KEY_UISupportedInterfaceOrientations_iPhone = "UIInterfaceOrientationPortrait UIInterfaceOrientationLandscapeLeft UIInterfaceOrientationLandscapeRight";
				LD_RUNPATH_SEARCH_PATHS = (
					"$(inherited)",
					"@executable_path/Frameworks",
				);
				MARKETING_VERSION = 1.0;
				PRODUCT_BUNDLE_IDENTIFIER = com.ocbcnisp.FileParsingJSON;
				PRODUCT_NAME = "$(TARGET_NAME)";
				SWIFT_EMIT_LOC_STRINGS = YES;
				SWIFT_VERSION = 5.0;
				TARGETED_DEVICE_FAMILY = "1,2";
			};
			name = Release;
		};
/* End XCBuildConfiguration section */

/* Begin XCConfigurationList section */
		5210809A28598A9D0022BCFA /* Build configuration list for PBXProject "FileParsingJSON" */ = {
			isa = XCConfigurationList;
			buildConfigurations = (
				521080B128598AA10022BCFA /* Debug */,
				521080B228598AA10022BCFA /* Release */,
			);
			defaultConfigurationIsVisible = 0;
			defaultConfigurationName = Release;
		};
		521080B328598AA10022BCFA /* Build configuration list for PBXNativeTarget "FileParsingJSON" */ = {
			isa = XCConfigurationList;
			buildConfigurations = (
				521080B428598AA10022BCFA /* Debug */,
				521080B528598AA10022BCFA /* Release */,
			);
			defaultConfigurationIsVisible = 0;
			defaultConfigurationName = Release;
		};
/* End XCConfigurationList section */
	};
	rootObject = 5210809728598A9D0022BCFA /* Project object */;
}
